
Microsoft Visual Studio Solution File, Format Version 12.00
# Visual Studio Version 17
VisualStudioVersion = 17.5.002.0
MinimumVisualStudioVersion = 10.0.40219.1
Project("{9A19103F-16F7-4668-BE54-9A1E7A4F7556}") = "PR-23106Sborschikov4", "PR-23106Sborschikov4.csproj", "{A964EDA4-FA71-466E-947D-6DE7D7452EDE}"
EndProject
Global
	GlobalSection(SolutionConfigurationPlatforms) = preSolution
		Debug|Any CPU = Debug|Any CPU
		Release|Any CPU = Release|Any CPU
	EndGlobalSection
	GlobalSection(ProjectConfigurationPlatforms) = postSolution
		{A964EDA4-FA71-466E-947D-6DE7D7452EDE}.Debug|Any CPU.ActiveCfg = Debug|Any CPU
		{A964EDA4-FA71-466E-947D-6DE7D7452EDE}.Debug|Any CPU.Build.0 = Debug|Any CPU
		{A964EDA4-FA71-466E-947D-6DE7D7452EDE}.Release|Any CPU.ActiveCfg = Release|Any CPU
		{A964EDA4-FA71-466E-947D-6DE7D7452EDE}.Release|Any CPU.Build.0 = Release|Any CPU
	EndGlobalSection
	GlobalSection(SolutionProperties) = preSolution
		HideSolutionNode = FALSE
	EndGlobalSection
	GlobalSection(ExtensibilityGlobals) = postSolution
		SolutionGuid = {0570EB30-B010-41FC-A7D3-98AC6A8A4976}
	EndGlobalSection
EndGlobal
